
Microsoft Visual Studio Solution File, Format Version 12.00
# Visual Studio 15
VisualStudioVersion = 15.0.27703.2000
MinimumVisualStudioVersion = 10.0.40219.1
Project("{FAE04EC0-301F-11D3-BF4B-00C04F79EFBC}") = "Xadrez", "Xadrez\Xadrez.csproj", "{8A353E7F-09D5-4481-9649-B1F70A898A68}"
EndProject
Global
	GlobalSection(SolutionConfigurationPlatforms) = preSolution
		Debug|Any CPU = Debug|Any CPU
		Release|Any CPU = Release|Any CPU
	EndGlobalSection
	GlobalSection(ProjectConfigurationPlatforms) = postSolution
		{8A353E7F-09D5-4481-9649-B1F70A898A68}.Debug|Any CPU.ActiveCfg = Debug|Any CPU
		{8A353E7F-09D5-4481-9649-B1F70A898A68}.Debug|Any CPU.Build.0 = Debug|Any CPU
		{8A353E7F-09D5-4481-9649-B1F70A898A68}.Release|Any CPU.ActiveCfg = Release|Any CPU
		{8A353E7F-09D5-4481-9649-B1F70A898A68}.Release|Any CPU.Build.0 = Release|Any CPU
	EndGlobalSection
	GlobalSection(SolutionProperties) = preSolution
		HideSolutionNode = FALSE
	EndGlobalSection
	GlobalSection(ExtensibilityGlobals) = postSolution
		SolutionGuid = {B5F31F57-9E0B-4794-9517-BA5A566AF470}
	EndGlobalSection
EndGlobal
